
Microsoft Visual Studio Solution File, Format Version 12.00
# Visual Studio Version 16
VisualStudioVersion = 16.0.30907.101
MinimumVisualStudioVersion = 10.0.40219.1
Project("{FAE04EC0-301F-11D3-BF4B-00C04F79EFBC}") = "DT102G_WeightApp", "DT102G_WeightApp.csproj", "{AF4884E0-960E-4148-B77F-27CA5C682B88}"
EndProject
Global
	GlobalSection(SolutionConfigurationPlatforms) = preSolution
		Debug|Any CPU = Debug|Any CPU
		Release|Any CPU = Release|Any CPU
	EndGlobalSection
	GlobalSection(ProjectConfigurationPlatforms) = postSolution
		{AF4884E0-960E-4148-B77F-27CA5C682B88}.Debug|Any CPU.ActiveCfg = Debug|Any CPU
		{AF4884E0-960E-4148-B77F-27CA5C682B88}.Debug|Any CPU.Build.0 = Debug|Any CPU
		{AF4884E0-960E-4148-B77F-27CA5C682B88}.Release|Any CPU.ActiveCfg = Release|Any CPU
		{AF4884E0-960E-4148-B77F-27CA5C682B88}.Release|Any CPU.Build.0 = Release|Any CPU
	EndGlobalSection
	GlobalSection(SolutionProperties) = preSolution
		HideSolutionNode = FALSE
	EndGlobalSection
	GlobalSection(ExtensibilityGlobals) = postSolution
		SolutionGuid = {3D53D217-783A-4691-82F2-5ED1F54E3BF1}
	EndGlobalSection
EndGlobal
